{
  "requires": true,
  "lockfileVersion": 1,
  "dependencies": {
    "babylon-scene": {
      "version": "0.3.1",
      "resolved": "https://registry.npmjs.org/babylon-scene/-/babylon-scene-0.3.1.tgz",
      "integrity": "sha512-gMlnJaw9hPrir4Oshh7Mhs+Yd6cqiONPkYhQjWrBEHR91081K1mNZcIriqwIUVdrFcr+g+FVRDaLKoSeuQvAjQ=="
    },
    "scene": {
      "version": "1.3.0",
      "resolved": "https://registry.npmjs.org/scene/-/scene-1.3.0.tgz",
      "integrity": "sha512-xpco/OL/9VW+DkUT69yJC1dtDhWaKgXf/kwhyrs+gfeM3ZFycZFjPxqQJ88N8Bjl61hTQkvdxUg3sOnBRNwO5Q=="
    }
  }
}
